
Microsoft Visual Studio Solution File, Format Version 12.00
# Visual Studio Version 17
VisualStudioVersion = 17.11.35312.102
MinimumVisualStudioVersion = 10.0.40219.1
Project("{FAE04EC0-301F-11D3-BF4B-00C04F79EFBC}") = "MinimalMovieApi", "MinimalMovieApi.csproj", "{CF426065-82E7-48A2-8DA0-4C2FD93ACCE7}"
EndProject
Global
	GlobalSection(SolutionConfigurationPlatforms) = preSolution
		Debug|Any CPU = Debug|Any CPU
		Release|Any CPU = Release|Any CPU
	EndGlobalSection
	GlobalSection(ProjectConfigurationPlatforms) = postSolution
		{CF426065-82E7-48A2-8DA0-4C2FD93ACCE7}.Debug|Any CPU.ActiveCfg = Debug|Any CPU
		{CF426065-82E7-48A2-8DA0-4C2FD93ACCE7}.Debug|Any CPU.Build.0 = Debug|Any CPU
		{CF426065-82E7-48A2-8DA0-4C2FD93ACCE7}.Release|Any CPU.ActiveCfg = Release|Any CPU
		{CF426065-82E7-48A2-8DA0-4C2FD93ACCE7}.Release|Any CPU.Build.0 = Release|Any CPU
	EndGlobalSection
	GlobalSection(SolutionProperties) = preSolution
		HideSolutionNode = FALSE
	EndGlobalSection
	GlobalSection(ExtensibilityGlobals) = postSolution
		SolutionGuid = {CB121774-B6B4-4A78-94FE-B3F44FDF3A16}
	EndGlobalSection
EndGlobal
